# This file is autogenerated, do not edit; changes may be undone by the next 'dep ensure'.


[[projects]]
  branch = "master"
  digest = "1:3a60921f3c99de45d26b372450e666196a123def1edc2fb543c33db4a93813a7"
  name = "github.com/comail/colog"
  packages = ["."]
  pruneopts = "UT"
  revision = "fba8e7b1f46c3607f09760ce3880066e7ff57c5a"

[[projects]]
  digest = "1:ffe9824d294da03b391f44e1ae8281281b4afc1bdaa9588c9097785e3af10cec"
  name = "github.com/davecgh/go-spew"
  packages = ["spew"]
  pruneopts = "UT"
  revision = "8991bc29aa16c548c550c7ff78260e27b9ab7c73"
  version = "v1.1.1"

[[projects]]
  digest = "1:7b5c6e2eeaa9ae5907c391a91c132abfd5c9e8a784a341b5625e750c67e6825d"
  name = "github.com/gorilla/websocket"
  packages = ["."]
  pruneopts = "UT"
  revision = "66b9c49e59c6c48f0ffce28c2d8b8a5678502c6d"
  version = "v1.4.0"

[[projects]]
  digest = "1:7244bfbca69b327b46e79c65c89161322da8f5cfd4c05c607c365f02901a07ff"
  name = "github.com/mattn/go-mastodon"
  packages = ["."]
  pruneopts = "UT"
  revision = "61705d1f2b8c5fe255df9f3070d10c9ad5b0d99c"

[[projects]]
  digest = "1:2d4fb9b356677993030586c4f45809943769647e3f863327ebdabe80f3dc768c"
  name = "github.com/tomnomnom/linkheader"
  packages = ["."]
  pruneopts = "UT"
  revision = "6953a30d444317754766fccdd3f7f000edc874f6"
  version = "0.1.0"

[[projects]]
  digest = "1:342378ac4dcb378a5448dd723f0784ae519383532f5e70ade24132c4c8693202"
  name = "gopkg.in/yaml.v2"
  packages = ["."]
  pruneopts = "UT"
  revision = "5420a8b6744d3b0345ab293f6fcba19c978f1183"
  version = "v2.2.1"

[solve-meta]
  analyzer-name = "dep"
  analyzer-version = 1
  input-imports = [
    "github.com/comail/colog",
    "github.com/davecgh/go-spew/spew",
    "github.com/mattn/go-mastodon",
    "gopkg.in/yaml.v2",
  ]
  solver-name = "gps-cdcl"
  solver-version = 1
